
Microsoft Visual Studio Solution File, Format Version 12.00
# Visual Studio Version 17
VisualStudioVersion = 17.5.33516.290
MinimumVisualStudioVersion = 10.0.40219.1
Project("{FAE04EC0-301F-11D3-BF4B-00C04F79EFBC}") = "ProductRules", "ProductRules\ProductRules.csproj", "{7164F711-CD38-4B3B-AEC9-14941C2B5DD8}"
EndProject
Project("{FAE04EC0-301F-11D3-BF4B-00C04F79EFBC}") = "RuleService", "RuleService\RuleService.csproj", "{7EF96EFE-5F6B-4234-B2AD-C2952180BEFE}"
EndProject
Global
	GlobalSection(SolutionConfigurationPlatforms) = preSolution
		Debug|Any CPU = Debug|Any CPU
		Release|Any CPU = Release|Any CPU
	EndGlobalSection
	GlobalSection(ProjectConfigurationPlatforms) = postSolution
		{7164F711-CD38-4B3B-AEC9-14941C2B5DD8}.Debug|Any CPU.ActiveCfg = Debug|Any CPU
		{7164F711-CD38-4B3B-AEC9-14941C2B5DD8}.Debug|Any CPU.Build.0 = Debug|Any CPU
		{7164F711-CD38-4B3B-AEC9-14941C2B5DD8}.Release|Any CPU.ActiveCfg = Release|Any CPU
		{7164F711-CD38-4B3B-AEC9-14941C2B5DD8}.Release|Any CPU.Build.0 = Release|Any CPU
		{7EF96EFE-5F6B-4234-B2AD-C2952180BEFE}.Debug|Any CPU.ActiveCfg = Debug|Any CPU
		{7EF96EFE-5F6B-4234-B2AD-C2952180BEFE}.Debug|Any CPU.Build.0 = Debug|Any CPU
		{7EF96EFE-5F6B-4234-B2AD-C2952180BEFE}.Release|Any CPU.ActiveCfg = Release|Any CPU
		{7EF96EFE-5F6B-4234-B2AD-C2952180BEFE}.Release|Any CPU.Build.0 = Release|Any CPU
	EndGlobalSection
	GlobalSection(SolutionProperties) = preSolution
		HideSolutionNode = FALSE
	EndGlobalSection
	GlobalSection(ExtensibilityGlobals) = postSolution
		SolutionGuid = {99ECEBFC-C688-4A84-9814-1BA2EA254829}
	EndGlobalSection
EndGlobal
